// !$*UTF8*$!
{
	archiveVersion = 1;
	classes = {
	};
	objectVersion = 50;
	objects = {

/* Begin PBXBuildFile section */
		AF5AD2F520C7074400673371 /* AppDelegate.swift in Sources */ = {isa = PBXBuildFile; fileRef = AF5AD2F420C7074400673371 /* AppDelegate.swift */; };
		AF5AD2F720C7074400673371 /* ViewController.swift in Sources */ = {isa = PBXBuildFile; fileRef = AF5AD2F620C7074400673371 /* ViewController.swift */; };
		AF5AD2FA20C7074400673371 /* Main.storyboard in Resources */ = {isa = PBXBuildFile; fileRef = AF5AD2F820C7074400673371 /* Main.storyboard */; };
		AF5AD2FC20C7074C00673371 /* Assets.xcassets in Resources */ = {isa = PBXBuildFile; fileRef = AF5AD2FB20C7074C00673371 /* Assets.xcassets */; };
		AF5AD2FF20C7074C00673371 /* LaunchScreen.storyboard in Resources */ = {isa = PBXBuildFile; fileRef = AF5AD2FD20C7074C00673371 /* LaunchScreen.storyboard */; };
		AF5AD30720C7077E00673371 /* TestData.json in Resources */ = {isa = PBXBuildFile; fileRef = AF5AD30620C7077E00673371 /* TestData.json */; };
/* End PBXBuildFile section */

/* Begin PBXFileReference section */
		AF5AD2F120C7074400673371 /* JSONParsingDemo1.app */ = {isa = PBXFileReference; explicitFileType = wrapper.application; includeInIndex = 0; path = JSONParsingDemo1.app; sourceTree = BUILT_PRODUCTS_DIR; };
		AF5AD2F420C7074400673371 /* AppDelegate.swift */ = {isa = PBXFileReference; lastKnownFileType = sourcecode.swift; path = AppDelegate.swift; sourceTree = "<group>"; };
		AF5AD2F620C7074400673371 /* ViewController.swift */ = {isa = PBXFileReference; lastKnownFileType = sourcecode.swift; path = ViewController.swift; sourceTree = "<group>"; };
		AF5AD2F920C7074400673371 /* Base */ = {isa = PBXFileReference; lastKnownFileType = file.storyboard; name = Base; path = Base.lproj/Main.storyboard; sourceTree = "<group>"; };
		AF5AD2FB20C7074C00673371 /* Assets.xcassets */ = {isa = PBXFileReference; lastKnownFileType = folder.assetcatalog; path = Assets.xcassets; sourceTree = "<group>"; };
		AF5AD2FE20C7074C00673371 /* Base */ = {isa = PBXFileReference; lastKnownFileType = file.storyboard; name = Base; path = Base.lproj/LaunchScreen.storyboard; sourceTree = "<group>"; };
		AF5AD30020C7074C00673371 /* Info.plist */ = {isa = PBXFileReference; lastKnownFileType = text.plist.xml; path = Info.plist; sourceTree = "<group>"; };
		AF5AD30620C7077E00673371 /* TestData.json */ = {isa = PBXFileReference; lastKnownFileType = text.json; path = TestData.json; sourceTree = "<group>"; };
/* End PBXFileReference section */

/* Begin PBXFrameworksBuildPhase section */
		AF5AD2EE20C7074400673371 /* Frameworks */ = {
			isa = PBXFrameworksBuildPhase;
			buildActionMask = 2147483647;
			files = (
			);
			runOnlyForDeploymentPostprocessing = 0;
		};
/* End PBXFrameworksBuildPhase section */

/* Begin PBXGroup section */
		AF5AD2E820C7074400673371 = {
			isa = PBXGroup;
			children = (
				AF5AD2F320C7074400673371 /* JSONParsingDemo1 */,
				AF5AD2F220C7074400673371 /* Products */,
			);
			sourceTree = "<group>";
		};
		AF5AD2F220C7074400673371 /* Products */ = {
			isa = PBXGroup;
			children = (
				AF5AD2F120C7074400673371 /* JSONParsingDemo1.app */,
			);
			name = Products;
			sourceTree = "<group>";
		};
		AF5AD2F320C7074400673371 /* JSONParsingDemo1 */ = {
			isa = PBXGroup;
			children = (
				AF5AD2F420C7074400673371 /* AppDelegate.swift */,
				AF5AD2F620C7074400673371 /* ViewController.swift */,
				AF5AD2F820C7074400673371 /* Main.storyboard */,
				AF5AD2FB20C7074C00673371 /* Assets.xcassets */,
				AF5AD2FD20C7074C00673371 /* LaunchScreen.storyboard */,
				AF5AD30020C7074C00673371 /* Info.plist */,
				AF5AD30620C7077E00673371 /* TestData.json */,
			);
			path = JSONParsingDemo1;
			sourceTree = "<group>";
		};
/* End PBXGroup section */

/* Begin PBXNativeTarget section */
		AF5AD2F020C7074400673371 /* JSONParsingDemo1 */ = {
			isa = PBXNativeTarget;
			buildConfigurationList = AF5AD30320C7074C00673371 /* Build configuration list for PBXNativeTarget "JSONParsingDemo1" */;
			buildPhases = (
				AF5AD2ED20C7074400673371 /* Sources */,
				AF5AD2EE20C7074400673371 /* Frameworks */,
				AF5AD2EF20C7074400673371 /* Resources */,
			);
			buildRules = (
			);
			dependencies = (
			);
			name = JSONParsingDemo1;
			productName = JSONParsingDemo1;
			productReference = AF5AD2F120C7074400673371 /* JSONParsingDemo1.app */;
			productType = "com.apple.product-type.application";
		};
/* End PBXNativeTarget section */

/* Begin PBXProject section */
		AF5AD2E920C7074400673371 /* Project object */ = {
			isa = PBXProject;
			attributes = {
				LastSwiftUpdateCheck = 0930;
				LastUpgradeCheck = 0930;
				ORGANIZATIONNAME = TheTechStory;
				TargetAttributes = {
					AF5AD2F020C7074400673371 = {
						CreatedOnToolsVersion = 9.3;
					};
				};
			};
			buildConfigurationList = AF5AD2EC20C7074400673371 /* Build configuration list for PBXProject "JSONParsingDemo1" */;
			compatibilityVersion = "Xcode 9.3";
			developmentRegion = en;
			hasScannedForEncodings = 0;
			knownRegions = (
				en,
				Base,
			);
			mainGroup = AF5AD2E820C7074400673371;
			productRefGroup = AF5AD2F220C7074400673371 /* Products */;
			projectDirPath = "";
			projectRoot = "";
			targets = (
				AF5AD2F020C7074400673371 /* JSONParsingDemo1 */,
			);
		};
/* End PBXProject section */

/* Begin PBXResourcesBuildPhase section */
		AF5AD2EF20C7074400673371 /* Resources */ = {
			isa = PBXResourcesBuildPhase;
			buildActionMask = 2147483647;
			files = (
				AF5AD2FF20C7074C00673371 /* LaunchScreen.storyboard in Resources */,
				AF5AD2FC20C7074C00673371 /* Assets.xcassets in Resources */,
				AF5AD2FA20C7074400673371 /* Main.storyboard in Resources */,
				AF5AD30720C7077E00673371 /* TestData.json in Resources */,
			);
			runOnlyForDeploymentPostprocessing = 0;
		};
/* End PBXResourcesBuildPhase section */

/* Begin PBXSourcesBuildPhase section */
		AF5AD2ED20C7074400673371 /* Sources */ = {
			isa = PBXSourcesBuildPhase;
			buildActionMask = 2147483647;
			files = (
				AF5AD2F720C7074400673371 /* ViewController.swift in Sources */,
				AF5AD2F520C7074400673371 /* AppDelegate.swift in Sources */,
			);
			runOnlyForDeploymentPostprocessing = 0;
		};
/* End PBXSourcesBuildPhase section */

/* Begin PBXVariantGroup section */
		AF5AD2F820C7074400673371 /* Main.storyboard */ = {
			isa = PBXVariantGroup;
			children = (
				AF5AD2F920C7074400673371 /* Base */,
			);
			name = Main.storyboard;
			sourceTree = "<group>";
		};
		AF5AD2FD20C7074C00673371 /* LaunchScreen.storyboard */ = {
			isa = PBXVariantGroup;
			children = (
				AF5AD2FE20C7074C00673371 /* Base */,
			);
			name = LaunchScreen.storyboard;
			sourceTree = "<group>";
		};
/* End PBXVariantGroup section */

/* Begin XCBuildConfiguration section */
		AF5AD30120C7074C00673371 /* Debug */ = {
			isa = XCBuildConfiguration;
			buildSettings = {
				ALWAYS_SEARCH_USER_PATHS = NO;
				CLANG_ANALYZER_NONNULL = YES;
				CLANG_ANALYZER_NUMBER_OBJECT_CONVERSION = YES_AGGRESSIVE;
				CLANG_CXX_LANGUAGE_STANDARD = "gnu++14";
				CLANG_CXX_LIBRARY = "libc++";
				CLANG_ENABLE_MODULES = YES;
				CLANG_ENABLE_OBJC_ARC = YES;
				CLANG_ENABLE_OBJC_WEAK = YES;
				CLANG_WARN_BLOCK_CAPTURE_AUTORELEASING = YES;
				CLANG_WARN_BOOL_CONVERSION = YES;
				CLANG_WARN_COMMA = YES;
				CLANG_WARN_CONSTANT_CONVERSION = YES;
				CLANG_WARN_DEPRECATED_OBJC_IMPLEMENTATIONS = YES;
				CLANG_WARN_DIRECT_OBJC_ISA_USAGE = YES_ERROR;
				CLANG_WARN_DOCUMENTATION_COMMENTS = YES;
				CLANG_WARN_EMPTY_BODY = YES;
				CLANG_WARN_ENUM_CONVERSION = YES;
				CLANG_WARN_INFINITE_RECURSION = YES;
				CLANG_WARN_INT_CONVERSION = YES;
				CLANG_WARN_NON_LITERAL_NULL_CONVERSION = YES;
				CLANG_WARN_OBJC_IMPLICIT_RETAIN_SELF = YES;
				CLANG_WARN_OBJC_LITERAL_CONVERSION = YES;
				CLANG_WARN_OBJC_ROOT_CLASS = YES_ERROR;
				CLANG_WARN_RANGE_LOOP_ANALYSIS = YES;
				CLANG_WARN_STRICT_PROTOTYPES = YES;
				CLANG_WARN_SUSPICIOUS_MOVE = YES;
				CLANG_WARN_UNGUARDED_AVAILABILITY = YES_AGGRESSIVE;
				CLANG_WARN_UNREACHABLE_CODE = YES;
				CLANG_WARN__DUPLICATE_METHOD_MATCH = YES;
				CODE_SIGN_IDENTITY = "iPhone Developer";
				COPY_PHASE_STRIP = NO;
				DEBUG_INFORMATION_FORMAT = dwarf;
				ENABLE_STRICT_OBJC_MSGSEND = YES;
				ENABLE_TESTABILITY = YES;
				GCC_C_LANGUAGE_STANDARD = gnu11;
				GCC_DYNAMIC_NO_PIC = NO;
				GCC_NO_COMMON_BLOCKS = YES;
				GCC_OPTIMIZATION_LEVEL = 0;
				GCC_PREPROCESSOR_DEFINITIONS = (
					"DEBUG=1",
					"$(inherited)",
				);
				GCC_WARN_64_TO_32_BIT_CONVERSION = YES;
				GCC_WARN_ABOUT_RETURN_TYPE = YES_ERROR;
				GCC_WARN_UNDECLARED_SELECTOR = YES;
				GCC_WARN_UNINITIALIZED_AUTOS = YES_AGGRESSIVE;
				GCC_WARN_UNUSED_FUNCTION = YES;
				GCC_WARN_UNUSED_VARIABLE = YES;
				IPHONEOS_DEPLOYMENT_TARGET = 11.3;
				MTL_ENABLE_DEBUG_INFO = YES;
				ONLY_ACTIVE_ARCH = YES;
				SDKROOT = iphoneos;
				SWIFT_ACTIVE_COMPILATION_CONDITIONS = DEBUG;
				SWIFT_OPTIMIZATION_LEVEL = "-Onone";
			};
			name = Debug;
		};
		AF5AD30220C7074C00673371 /* Release */ = {
			isa = XCBuildConfiguration;
			buildSettings = {
				ALWAYS_SEARCH_USER_PATHS = NO;
				CLANG_ANALYZER_NONNULL = YES;
				CLANG_ANALYZER_NUMBER_OBJECT_CONVERSION = YES_AGGRESSIVE;
				CLANG_CXX_LANGUAGE_STANDARD = "gnu++14";
				CLANG_CXX_LIBRARY = "libc++";
				CLANG_ENABLE_MODULES = YES;
				CLANG_ENABLE_OBJC_ARC = YES;
				CLANG_ENABLE_OBJC_WEAK = YES;
				CLANG_WARN_BLOCK_CAPTURE_AUTORELEASING = YES;
				CLANG_WARN_BOOL_CONVERSION = YES;
				CLANG_WARN_COMMA = YES;
				CLANG_WARN_CONSTANT_CONVERSION = YES;
				CLANG_WARN_DEPRECATED_OBJC_IMPLEMENTATIONS = YES;
				CLANG_WARN_DIRECT_OBJC_ISA_USAGE = YES_ERROR;
				CLANG_WARN_DOCUMENTATION_COMMENTS = YES;
				CLANG_WARN_EMPTY_BODY = YES;
				CLANG_WARN_ENUM_CONVERSION = YES;
				CLANG_WARN_INFINITE_RECURSION = YES;
				CLANG_WARN_INT_CONVERSION = YES;
				CLANG_WARN_NON_LITERAL_NULL_CONVERSION = YES;
				CLANG_WARN_OBJC_IMPLICIT_RETAIN_SELF = YES;
				CLANG_WARN_OBJC_LITERAL_CONVERSION = YES;
				CLANG_WARN_OBJC_ROOT_CLASS = YES_ERROR;
				CLANG_WARN_RANGE_LOOP_ANALYSIS = YES;
				CLANG_WARN_STRICT_PROTOTYPES = YES;
				CLANG_WARN_SUSPICIOUS_MOVE = YES;
				CLANG_WARN_UNGUARDED_AVAILABILITY = YES_AGGRESSIVE;
				CLANG_WARN_UNREACHABLE_CODE = YES;
				CLANG_WARN__DUPLICATE_METHOD_MATCH = YES;
				CODE_SIGN_IDENTITY = "iPhone Developer";
				COPY_PHASE_STRIP = NO;
				DEBUG_INFORMATION_FORMAT = "dwarf-with-dsym";
				ENABLE_NS_ASSERTIONS = NO;
				ENABLE_STRICT_OBJC_MSGSEND = YES;
				GCC_C_LANGUAGE_STANDARD = gnu11;
				GCC_NO_COMMON_BLOCKS = YES;
				GCC_WARN_64_TO_32_BIT_CONVERSION = YES;
				GCC_WARN_ABOUT_RETURN_TYPE = YES_ERROR;
				GCC_WARN_UNDECLARED_SELECTOR = YES;
				GCC_WARN_UNINITIALIZED_AUTOS = YES_AGGRESSIVE;
				GCC_WARN_UNUSED_FUNCTION = YES;
				GCC_WARN_UNUSED_VARIABLE = YES;
				IPHONEOS_DEPLOYMENT_TARGET = 11.3;
				MTL_ENABLE_DEBUG_INFO = NO;
				SDKROOT = iphoneos;
				SWIFT_COMPILATION_MODE = wholemodule;
				SWIFT_OPTIMIZATION_LEVEL = "-O";
				VALIDATE_PRODUCT = YES;
			};
			name = Release;
		};
		AF5AD30420C7074C00673371 /* Debug */ = {
			isa = XCBuildConfiguration;
			buildSettings = {
				ASSETCATALOG_COMPILER_APPICON_NAME = AppIcon;
				CODE_SIGN_STYLE = Automatic;
				INFOPLIST_FILE = JSONParsingDemo1/Info.plist;
				LD_RUNPATH_SEARCH_PATHS = (
					"$(inherited)",
					"@executable_path/Frameworks",
				);
				PRODUCT_BUNDLE_IDENTIFIER = com.thetechstory.JSONParsingDemo1;
				PRODUCT_NAME = "$(TARGET_NAME)";
				SWIFT_VERSION = 4.0;
				TARGETED_DEVICE_FAMILY = "1,2";
			};
			name = Debug;
		};
		AF5AD30520C7074C00673371 /* Release */ = {
			isa = XCBuildConfiguration;
			buildSettings = {
				ASSETCATALOG_COMPILER_APPICON_NAME = AppIcon;
				CODE_SIGN_STYLE = Automatic;
				INFOPLIST_FILE = JSONParsingDemo1/Info.plist;
				LD_RUNPATH_SEARCH_PATHS = (
					"$(inherited)",
					"@executable_path/Frameworks",
				);
				PRODUCT_BUNDLE_IDENTIFIER = com.thetechstory.JSONParsingDemo1;
				PRODUCT_NAME = "$(TARGET_NAME)";
				SWIFT_VERSION = 4.0;
				TARGETED_DEVICE_FAMILY = "1,2";
			};
			name = Release;
		};
/* End XCBuildConfiguration section */

/* Begin XCConfigurationList section */
		AF5AD2EC20C7074400673371 /* Build configuration list for PBXProject "JSONParsingDemo1" */ = {
			isa = XCConfigurationList;
			buildConfigurations = (
				AF5AD30120C7074C00673371 /* Debug */,
				AF5AD30220C7074C00673371 /* Release */,
			);
			defaultConfigurationIsVisible = 0;
			defaultConfigurationName = Release;
		};
		AF5AD30320C7074C00673371 /* Build configuration list for PBXNativeTarget "JSONParsingDemo1" */ = {
			isa = XCConfigurationList;
			buildConfigurations = (
				AF5AD30420C7074C00673371 /* Debug */,
				AF5AD30520C7074C00673371 /* Release */,
			);
			defaultConfigurationIsVisible = 0;
			defaultConfigurationName = Release;
		};
/* End XCConfigurationList section */
	};
	rootObject = AF5AD2E920C7074400673371 /* Project object */;
}
